
Microsoft Visual Studio Solution File, Format Version 12.00
# Visual Studio Version 16
VisualStudioVersion = 16.0.29306.81
MinimumVisualStudioVersion = 10.0.40219.1
Project("{FAE04EC0-301F-11D3-BF4B-00C04F79EFBC}") = "DictionaryStuff", "DictionaryStuff\DictionaryStuff.csproj", "{768934C3-65DC-42B6-9C3B-A1A840B67B02}"
EndProject
Global
	GlobalSection(SolutionConfigurationPlatforms) = preSolution
		Debug|Any CPU = Debug|Any CPU
		Release|Any CPU = Release|Any CPU
	EndGlobalSection
	GlobalSection(ProjectConfigurationPlatforms) = postSolution
		{768934C3-65DC-42B6-9C3B-A1A840B67B02}.Debug|Any CPU.ActiveCfg = Debug|Any CPU
		{768934C3-65DC-42B6-9C3B-A1A840B67B02}.Debug|Any CPU.Build.0 = Debug|Any CPU
		{768934C3-65DC-42B6-9C3B-A1A840B67B02}.Release|Any CPU.ActiveCfg = Release|Any CPU
		{768934C3-65DC-42B6-9C3B-A1A840B67B02}.Release|Any CPU.Build.0 = Release|Any CPU
	EndGlobalSection
	GlobalSection(SolutionProperties) = preSolution
		HideSolutionNode = FALSE
	EndGlobalSection
	GlobalSection(ExtensibilityGlobals) = postSolution
		SolutionGuid = {9D462F04-DA67-46EE-A1C6-1A8ABC20694B}
	EndGlobalSection
EndGlobal
